// !$*UTF8*$!
{
	archiveVersion = 1;
	classes = {
	};
	objectVersion = 77;
	objects = {

/* Begin PBXContainerItemProxy section */
		BADDB8682DF8613A00AF2918 /* PBXContainerItemProxy */ = {
			isa = PBXContainerItemProxy;
			containerPortal = BADDB84F2DF8613700AF2918 /* Project object */;
			proxyType = 1;
			remoteGlobalIDString = BADDB8562DF8613700AF2918;
			remoteInfo = KrakenBot;
		};
		BADDB8722DF8613A00AF2918 /* PBXContainerItemProxy */ = {
			isa = PBXContainerItemProxy;
			containerPortal = BADDB84F2DF8613700AF2918 /* Project object */;
			proxyType = 1;
			remoteGlobalIDString = BADDB8562DF8613700AF2918;
			remoteInfo = KrakenBot;
		};
/* End PBXContainerItemProxy section */

/* Begin PBXFileReference section */
		BADDB8572DF8613700AF2918 /* KrakenBot.app */ = {isa = PBXFileReference; explicitFileType = wrapper.application; includeInIndex = 0; path = KrakenBot.app; sourceTree = BUILT_PRODUCTS_DIR; };
		BADDB8672DF8613A00AF2918 /* KrakenBotTests.xctest */ = {isa = PBXFileReference; explicitFileType = wrapper.cfbundle; includeInIndex = 0; path = KrakenBotTests.xctest; sourceTree = BUILT_PRODUCTS_DIR; };
		BADDB8712DF8613A00AF2918 /* KrakenBotUITests.xctest */ = {isa = PBXFileReference; explicitFileType = wrapper.cfbundle; includeInIndex = 0; path = KrakenBotUITests.xctest; sourceTree = BUILT_PRODUCTS_DIR; };
/* End PBXFileReference section */

/* Begin PBXFileSystemSynchronizedRootGroup section */
		BADDB8592DF8613700AF2918 /* KrakenBot */ = {
			isa = PBXFileSystemSynchronizedRootGroup;
			path = KrakenBot;
			sourceTree = "<group>";
		};
		BADDB86A2DF8613A00AF2918 /* KrakenBotTests */ = {
			isa = PBXFileSystemSynchronizedRootGroup;
			path = KrakenBotTests;
			sourceTree = "<group>";
		};
		BADDB8742DF8613A00AF2918 /* KrakenBotUITests */ = {
			isa = PBXFileSystemSynchronizedRootGroup;
			path = KrakenBotUITests;
			sourceTree = "<group>";
		};
/* End PBXFileSystemSynchronizedRootGroup section */

/* Begin PBXFrameworksBuildPhase section */
		BADDB8542DF8613700AF2918 /* Frameworks */ = {
			isa = PBXFrameworksBuildPhase;
			buildActionMask = 2147483647;
			files = (
			);
			runOnlyForDeploymentPostprocessing = 0;
		};
		BADDB8642DF8613A00AF2918 /* Frameworks */ = {
			isa = PBXFrameworksBuildPhase;
			buildActionMask = 2147483647;
			files = (
			);
			runOnlyForDeploymentPostprocessing = 0;
		};
		BADDB86E2DF8613A00AF2918 /* Frameworks */ = {
			isa = PBXFrameworksBuildPhase;
			buildActionMask = 2147483647;
			files = (
			);
			runOnlyForDeploymentPostprocessing = 0;
		};
/* End PBXFrameworksBuildPhase section */

/* Begin PBXGroup section */
		BADDB84E2DF8613700AF2918 = {
			isa = PBXGroup;
			children = (
				BADDB8592DF8613700AF2918 /* KrakenBot */,
				BADDB86A2DF8613A00AF2918 /* KrakenBotTests */,
				BADDB8742DF8613A00AF2918 /* KrakenBotUITests */,
				BADDB8582DF8613700AF2918 /* Products */,
			);
			sourceTree = "<group>";
		};
		BADDB8582DF8613700AF2918 /* Products */ = {
			isa = PBXGroup;
			children = (
				BADDB8572DF8613700AF2918 /* KrakenBot.app */,
				BADDB8672DF8613A00AF2918 /* KrakenBotTests.xctest */,
				BADDB8712DF8613A00AF2918 /* KrakenBotUITests.xctest */,
			);
			name = Products;
			sourceTree = "<group>";
		};
/* End PBXGroup section */

/* Begin PBXNativeTarget section */
		BADDB8562DF8613700AF2918 /* KrakenBot */ = {
			isa = PBXNativeTarget;
			buildConfigurationList = BADDB87B2DF8613A00AF2918 /* Build configuration list for PBXNativeTarget "KrakenBot" */;
			buildPhases = (
				BADDB8532DF8613700AF2918 /* Sources */,
				BADDB8542DF8613700AF2918 /* Frameworks */,
				BADDB8552DF8613700AF2918 /* Resources */,
			);
			buildRules = (
			);
			dependencies = (
			);
			fileSystemSynchronizedGroups = (
				BADDB8592DF8613700AF2918 /* KrakenBot */,
			);
			name = KrakenBot;
			packageProductDependencies = (
			);
			productName = KrakenBot;
			productReference = BADDB8572DF8613700AF2918 /* KrakenBot.app */;
			productType = "com.apple.product-type.application";
		};
		BADDB8662DF8613A00AF2918 /* KrakenBotTests */ = {
			isa = PBXNativeTarget;
			buildConfigurationList = BADDB87E2DF8613A00AF2918 /* Build configuration list for PBXNativeTarget "KrakenBotTests" */;
			buildPhases = (
				BADDB8632DF8613A00AF2918 /* Sources */,
				BADDB8642DF8613A00AF2918 /* Frameworks */,
				BADDB8652DF8613A00AF2918 /* Resources */,
			);
			buildRules = (
			);
			dependencies = (
				BADDB8692DF8613A00AF2918 /* PBXTargetDependency */,
			);
			fileSystemSynchronizedGroups = (
				BADDB86A2DF8613A00AF2918 /* KrakenBotTests */,
			);
			name = KrakenBotTests;
			packageProductDependencies = (
			);
			productName = KrakenBotTests;
			productReference = BADDB8672DF8613A00AF2918 /* KrakenBotTests.xctest */;
			productType = "com.apple.product-type.bundle.unit-test";
		};
		BADDB8702DF8613A00AF2918 /* KrakenBotUITests */ = {
			isa = PBXNativeTarget;
			buildConfigurationList = BADDB8812DF8613A00AF2918 /* Build configuration list for PBXNativeTarget "KrakenBotUITests" */;
			buildPhases = (
				BADDB86D2DF8613A00AF2918 /* Sources */,
				BADDB86E2DF8613A00AF2918 /* Frameworks */,
				BADDB86F2DF8613A00AF2918 /* Resources */,
			);
			buildRules = (
			);
			dependencies = (
				BADDB8732DF8613A00AF2918 /* PBXTargetDependency */,
			);
			fileSystemSynchronizedGroups = (
				BADDB8742DF8613A00AF2918 /* KrakenBotUITests */,
			);
			name = KrakenBotUITests;
			packageProductDependencies = (
			);
			productName = KrakenBotUITests;
			productReference = BADDB8712DF8613A00AF2918 /* KrakenBotUITests.xctest */;
			productType = "com.apple.product-type.bundle.ui-testing";
		};
/* End PBXNativeTarget section */

/* Begin PBXProject section */
		BADDB84F2DF8613700AF2918 /* Project object */ = {
			isa = PBXProject;
			attributes = {
				BuildIndependentTargetsInParallel = 1;
				LastSwiftUpdateCheck = 1640;
				LastUpgradeCheck = 1640;
				TargetAttributes = {
					BADDB8562DF8613700AF2918 = {
						CreatedOnToolsVersion = 16.4;
					};
					BADDB8662DF8613A00AF2918 = {
						CreatedOnToolsVersion = 16.4;
						TestTargetID = BADDB8562DF8613700AF2918;
					};
					BADDB8702DF8613A00AF2918 = {
						CreatedOnToolsVersion = 16.4;
						TestTargetID = BADDB8562DF8613700AF2918;
					};
				};
			};
			buildConfigurationList = BADDB8522DF8613700AF2918 /* Build configuration list for PBXProject "KrakenBot" */;
			developmentRegion = en;
			hasScannedForEncodings = 0;
			knownRegions = (
				en,
				Base,
			);
			mainGroup = BADDB84E2DF8613700AF2918;
			minimizedProjectReferenceProxies = 1;
			preferredProjectObjectVersion = 77;
			productRefGroup = BADDB8582DF8613700AF2918 /* Products */;
			projectDirPath = "";
			projectRoot = "";
			targets = (
				BADDB8562DF8613700AF2918 /* KrakenBot */,
				BADDB8662DF8613A00AF2918 /* KrakenBotTests */,
				BADDB8702DF8613A00AF2918 /* KrakenBotUITests */,
			);
		};
/* End PBXProject section */

/* Begin PBXResourcesBuildPhase section */
		BADDB8552DF8613700AF2918 /* Resources */ = {
			isa = PBXResourcesBuildPhase;
			buildActionMask = 2147483647;
			files = (
			);
			runOnlyForDeploymentPostprocessing = 0;
		};
		BADDB8652DF8613A00AF2918 /* Resources */ = {
			isa = PBXResourcesBuildPhase;
			buildActionMask = 2147483647;
			files = (
			);
			runOnlyForDeploymentPostprocessing = 0;
		};
		BADDB86F2DF8613A00AF2918 /* Resources */ = {
			isa = PBXResourcesBuildPhase;
			buildActionMask = 2147483647;
			files = (
			);
			runOnlyForDeploymentPostprocessing = 0;
		};
/* End PBXResourcesBuildPhase section */

/* Begin PBXSourcesBuildPhase section */
		BADDB8532DF8613700AF2918 /* Sources */ = {
			isa = PBXSourcesBuildPhase;
			buildActionMask = 2147483647;
			files = (
			);
			runOnlyForDeploymentPostprocessing = 0;
		};
		BADDB8632DF8613A00AF2918 /* Sources */ = {
			isa = PBXSourcesBuildPhase;
			buildActionMask = 2147483647;
			files = (
			);
			runOnlyForDeploymentPostprocessing = 0;
		};
		BADDB86D2DF8613A00AF2918 /* Sources */ = {
			isa = PBXSourcesBuildPhase;
			buildActionMask = 2147483647;
			files = (
			);
			runOnlyForDeploymentPostprocessing = 0;
		};
/* End PBXSourcesBuildPhase section */

/* Begin PBXTargetDependency section */
		BADDB8692DF8613A00AF2918 /* PBXTargetDependency */ = {
			isa = PBXTargetDependency;
			target = BADDB8562DF8613700AF2918 /* KrakenBot */;
			targetProxy = BADDB8682DF8613A00AF2918 /* PBXContainerItemProxy */;
		};
		BADDB8732DF8613A00AF2918 /* PBXTargetDependency */ = {
			isa = PBXTargetDependency;
			target = BADDB8562DF8613700AF2918 /* KrakenBot */;
			targetProxy = BADDB8722DF8613A00AF2918 /* PBXContainerItemProxy */;
		};
/* End PBXTargetDependency section */

/* Begin XCBuildConfiguration section */
		BADDB8792DF8613A00AF2918 /* Debug */ = {
			isa = XCBuildConfiguration;
			buildSettings = {
				ALWAYS_SEARCH_USER_PATHS = NO;
				ASSETCATALOG_COMPILER_GENERATE_SWIFT_ASSET_SYMBOL_EXTENSIONS = YES;
				CLANG_ANALYZER_NONNULL = YES;
				CLANG_ANALYZER_NUMBER_OBJECT_CONVERSION = YES_AGGRESSIVE;
				CLANG_CXX_LANGUAGE_STANDARD = "gnu++20";
				CLANG_ENABLE_MODULES = YES;
				CLANG_ENABLE_OBJC_ARC = YES;
				CLANG_ENABLE_OBJC_WEAK = YES;
				CLANG_WARN_BLOCK_CAPTURE_AUTORELEASING = YES;
				CLANG_WARN_BOOL_CONVERSION = YES;
				CLANG_WARN_COMMA = YES;
				CLANG_WARN_CONSTANT_CONVERSION = YES;
				CLANG_WARN_DEPRECATED_OBJC_IMPLEMENTATIONS = YES;
				CLANG_WARN_DIRECT_OBJC_ISA_USAGE = YES_ERROR;
				CLANG_WARN_DOCUMENTATION_COMMENTS = YES;
				CLANG_WARN_EMPTY_BODY = YES;
				CLANG_WARN_ENUM_CONVERSION = YES;
				CLANG_WARN_INFINITE_RECURSION = YES;
				CLANG_WARN_INT_CONVERSION = YES;
				CLANG_WARN_NON_LITERAL_NULL_CONVERSION = YES;
				CLANG_WARN_OBJC_IMPLICIT_RETAIN_SELF = YES;
				CLANG_WARN_OBJC_LITERAL_CONVERSION = YES;
				CLANG_WARN_OBJC_ROOT_CLASS = YES_ERROR;
				CLANG_WARN_QUOTED_INCLUDE_IN_FRAMEWORK_HEADER = YES;
				CLANG_WARN_RANGE_LOOP_ANALYSIS = YES;
				CLANG_WARN_STRICT_PROTOTYPES = YES;
				CLANG_WARN_SUSPICIOUS_MOVE = YES;
				CLANG_WARN_UNGUARDED_AVAILABILITY = YES_AGGRESSIVE;
				CLANG_WARN_UNREACHABLE_CODE = YES;
				CLANG_WARN__DUPLICATE_METHOD_MATCH = YES;
				COPY_PHASE_STRIP = NO;
				DEBUG_INFORMATION_FORMAT = dwarf;
				DEVELOPMENT_TEAM = 822C8U6T9N;
				ENABLE_STRICT_OBJC_MSGSEND = YES;
				ENABLE_TESTABILITY = YES;
				ENABLE_USER_SCRIPT_SANDBOXING = YES;
				GCC_C_LANGUAGE_STANDARD = gnu17;
				GCC_DYNAMIC_NO_PIC = NO;
				GCC_NO_COMMON_BLOCKS = YES;
				GCC_OPTIMIZATION_LEVEL = 0;
				GCC_PREPROCESSOR_DEFINITIONS = (
					"DEBUG=1",
					"$(inherited)",
				);
				GCC_WARN_64_TO_32_BIT_CONVERSION = YES;
				GCC_WARN_ABOUT_RETURN_TYPE = YES_ERROR;
				GCC_WARN_UNDECLARED_SELECTOR = YES;
				GCC_WARN_UNINITIALIZED_AUTOS = YES_AGGRESSIVE;
				GCC_WARN_UNUSED_FUNCTION = YES;
				GCC_WARN_UNUSED_VARIABLE = YES;
				LOCALIZATION_PREFERS_STRING_CATALOGS = YES;
				MACOSX_DEPLOYMENT_TARGET = 15.5;
				MTL_ENABLE_DEBUG_INFO = INCLUDE_SOURCE;
				MTL_FAST_MATH = YES;
				ONLY_ACTIVE_ARCH = YES;
				SDKROOT = macosx;
				SWIFT_ACTIVE_COMPILATION_CONDITIONS = "DEBUG $(inherited)";
				SWIFT_OPTIMIZATION_LEVEL = "-Onone";
			};
			name = Debug;
		};
		BADDB87A2DF8613A00AF2918 /* Release */ = {
			isa = XCBuildConfiguration;
			buildSettings = {
				ALWAYS_SEARCH_USER_PATHS = NO;
				ASSETCATALOG_COMPILER_GENERATE_SWIFT_ASSET_SYMBOL_EXTENSIONS = YES;
				CLANG_ANALYZER_NONNULL = YES;
				CLANG_ANALYZER_NUMBER_OBJECT_CONVERSION = YES_AGGRESSIVE;
				CLANG_CXX_LANGUAGE_STANDARD = "gnu++20";
				CLANG_ENABLE_MODULES = YES;
				CLANG_ENABLE_OBJC_ARC = YES;
				CLANG_ENABLE_OBJC_WEAK = YES;
				CLANG_WARN_BLOCK_CAPTURE_AUTORELEASING = YES;
				CLANG_WARN_BOOL_CONVERSION = YES;
				CLANG_WARN_COMMA = YES;
				CLANG_WARN_CONSTANT_CONVERSION = YES;
				CLANG_WARN_DEPRECATED_OBJC_IMPLEMENTATIONS = YES;
				CLANG_WARN_DIRECT_OBJC_ISA_USAGE = YES_ERROR;
				CLANG_WARN_DOCUMENTATION_COMMENTS = YES;
				CLANG_WARN_EMPTY_BODY = YES;
				CLANG_WARN_ENUM_CONVERSION = YES;
				CLANG_WARN_INFINITE_RECURSION = YES;
				CLANG_WARN_INT_CONVERSION = YES;
				CLANG_WARN_NON_LITERAL_NULL_CONVERSION = YES;
				CLANG_WARN_OBJC_IMPLICIT_RETAIN_SELF = YES;
				CLANG_WARN_OBJC_LITERAL_CONVERSION = YES;
				CLANG_WARN_OBJC_ROOT_CLASS = YES_ERROR;
				CLANG_WARN_QUOTED_INCLUDE_IN_FRAMEWORK_HEADER = YES;
				CLANG_WARN_RANGE_LOOP_ANALYSIS = YES;
				CLANG_WARN_STRICT_PROTOTYPES = YES;
				CLANG_WARN_SUSPICIOUS_MOVE = YES;
				CLANG_WARN_UNGUARDED_AVAILABILITY = YES_AGGRESSIVE;
				CLANG_WARN_UNREACHABLE_CODE = YES;
				CLANG_WARN__DUPLICATE_METHOD_MATCH = YES;
				COPY_PHASE_STRIP = NO;
				DEBUG_INFORMATION_FORMAT = "dwarf-with-dsym";
				DEVELOPMENT_TEAM = 822C8U6T9N;
				ENABLE_NS_ASSERTIONS = NO;
				ENABLE_STRICT_OBJC_MSGSEND = YES;
				ENABLE_USER_SCRIPT_SANDBOXING = YES;
				GCC_C_LANGUAGE_STANDARD = gnu17;
				GCC_NO_COMMON_BLOCKS = YES;
				GCC_WARN_64_TO_32_BIT_CONVERSION = YES;
				GCC_WARN_ABOUT_RETURN_TYPE = YES_ERROR;
				GCC_WARN_UNDECLARED_SELECTOR = YES;
				GCC_WARN_UNINITIALIZED_AUTOS = YES_AGGRESSIVE;
				GCC_WARN_UNUSED_FUNCTION = YES;
				GCC_WARN_UNUSED_VARIABLE = YES;
				LOCALIZATION_PREFERS_STRING_CATALOGS = YES;
				MACOSX_DEPLOYMENT_TARGET = 15.5;
				MTL_ENABLE_DEBUG_INFO = NO;
				MTL_FAST_MATH = YES;
				SDKROOT = macosx;
				SWIFT_COMPILATION_MODE = wholemodule;
			};
			name = Release;
		};
		BADDB87C2DF8613A00AF2918 /* Debug */ = {
			isa = XCBuildConfiguration;
			buildSettings = {
				ASSETCATALOG_COMPILER_APPICON_NAME = AppIcon;
				ASSETCATALOG_COMPILER_GLOBAL_ACCENT_COLOR_NAME = AccentColor;
				CODE_SIGN_ENTITLEMENTS = KrakenBot/KrakenBot.entitlements;
				CODE_SIGN_STYLE = Automatic;
				COMBINE_HIDPI_IMAGES = YES;
				CURRENT_PROJECT_VERSION = 1;
				DEVELOPMENT_TEAM = 822C8U6T9N;
				ENABLE_HARDENED_RUNTIME = YES;
				ENABLE_PREVIEWS = YES;
				GENERATE_INFOPLIST_FILE = YES;
				INFOPLIST_KEY_NSHumanReadableCopyright = "";
				LD_RUNPATH_SEARCH_PATHS = (
					"$(inherited)",
					"@executable_path/../Frameworks",
				);
				MACOSX_DEPLOYMENT_TARGET = 14.0;
				MARKETING_VERSION = 1.0;
				PRODUCT_BUNDLE_IDENTIFIER = www.dagal.be.KrakenBot;
				PRODUCT_NAME = "$(TARGET_NAME)";
				REGISTER_APP_GROUPS = YES;
				SWIFT_EMIT_LOC_STRINGS = YES;
				SWIFT_VERSION = 5.0;
			};
			name = Debug;
		};
		BADDB87D2DF8613A00AF2918 /* Release */ = {
			isa = XCBuildConfiguration;
			buildSettings = {
				ASSETCATALOG_COMPILER_APPICON_NAME = AppIcon;
				ASSETCATALOG_COMPILER_GLOBAL_ACCENT_COLOR_NAME = AccentColor;
				CODE_SIGN_ENTITLEMENTS = KrakenBot/KrakenBot.entitlements;
				CODE_SIGN_STYLE = Automatic;
				COMBINE_HIDPI_IMAGES = YES;
				CURRENT_PROJECT_VERSION = 1;
				DEVELOPMENT_TEAM = 822C8U6T9N;
				ENABLE_HARDENED_RUNTIME = YES;
				ENABLE_PREVIEWS = YES;
				GENERATE_INFOPLIST_FILE = YES;
				INFOPLIST_KEY_NSHumanReadableCopyright = "";
				LD_RUNPATH_SEARCH_PATHS = (
					"$(inherited)",
					"@executable_path/../Frameworks",
				);
				MACOSX_DEPLOYMENT_TARGET = 14.0;
				MARKETING_VERSION = 1.0;
				PRODUCT_BUNDLE_IDENTIFIER = www.dagal.be.KrakenBot;
				PRODUCT_NAME = "$(TARGET_NAME)";
				REGISTER_APP_GROUPS = YES;
				SWIFT_EMIT_LOC_STRINGS = YES;
				SWIFT_VERSION = 5.0;
			};
			name = Release;
		};
		BADDB87F2DF8613A00AF2918 /* Debug */ = {
			isa = XCBuildConfiguration;
			buildSettings = {
				BUNDLE_LOADER = "$(TEST_HOST)";
				CODE_SIGN_STYLE = Automatic;
				CURRENT_PROJECT_VERSION = 1;
				DEVELOPMENT_TEAM = 822C8U6T9N;
				GENERATE_INFOPLIST_FILE = YES;
				MACOSX_DEPLOYMENT_TARGET = 14.0;
				MARKETING_VERSION = 1.0;
				PRODUCT_BUNDLE_IDENTIFIER = www.dagal.be.KrakenBotTests;
				PRODUCT_NAME = "$(TARGET_NAME)";
				SWIFT_EMIT_LOC_STRINGS = NO;
				SWIFT_VERSION = 5.0;
				TEST_HOST = "$(BUILT_PRODUCTS_DIR)/KrakenBot.app/$(BUNDLE_EXECUTABLE_FOLDER_PATH)/KrakenBot";
			};
			name = Debug;
		};
		BADDB8802DF8613A00AF2918 /* Release */ = {
			isa = XCBuildConfiguration;
			buildSettings = {
				BUNDLE_LOADER = "$(TEST_HOST)";
				CODE_SIGN_STYLE = Automatic;
				CURRENT_PROJECT_VERSION = 1;
				DEVELOPMENT_TEAM = 822C8U6T9N;
				GENERATE_INFOPLIST_FILE = YES;
				MACOSX_DEPLOYMENT_TARGET = 14.0;
				MARKETING_VERSION = 1.0;
				PRODUCT_BUNDLE_IDENTIFIER = www.dagal.be.KrakenBotTests;
				PRODUCT_NAME = "$(TARGET_NAME)";
				SWIFT_EMIT_LOC_STRINGS = NO;
				SWIFT_VERSION = 5.0;
				TEST_HOST = "$(BUILT_PRODUCTS_DIR)/KrakenBot.app/$(BUNDLE_EXECUTABLE_FOLDER_PATH)/KrakenBot";
			};
			name = Release;
		};
		BADDB8822DF8613A00AF2918 /* Debug */ = {
			isa = XCBuildConfiguration;
			buildSettings = {
				CODE_SIGN_STYLE = Automatic;
				CURRENT_PROJECT_VERSION = 1;
				DEVELOPMENT_TEAM = 822C8U6T9N;
				GENERATE_INFOPLIST_FILE = YES;
				MARKETING_VERSION = 1.0;
				PRODUCT_BUNDLE_IDENTIFIER = www.dagal.be.KrakenBotUITests;
				PRODUCT_NAME = "$(TARGET_NAME)";
				SWIFT_EMIT_LOC_STRINGS = NO;
				SWIFT_VERSION = 5.0;
				TEST_TARGET_NAME = KrakenBot;
			};
			name = Debug;
		};
		BADDB8832DF8613A00AF2918 /* Release */ = {
			isa = XCBuildConfiguration;
			buildSettings = {
				CODE_SIGN_STYLE = Automatic;
				CURRENT_PROJECT_VERSION = 1;
				DEVELOPMENT_TEAM = 822C8U6T9N;
				GENERATE_INFOPLIST_FILE = YES;
				MARKETING_VERSION = 1.0;
				PRODUCT_BUNDLE_IDENTIFIER = www.dagal.be.KrakenBotUITests;
				PRODUCT_NAME = "$(TARGET_NAME)";
				SWIFT_EMIT_LOC_STRINGS = NO;
				SWIFT_VERSION = 5.0;
				TEST_TARGET_NAME = KrakenBot;
			};
			name = Release;
		};
/* End XCBuildConfiguration section */

/* Begin XCConfigurationList section */
		BADDB8522DF8613700AF2918 /* Build configuration list for PBXProject "KrakenBot" */ = {
			isa = XCConfigurationList;
			buildConfigurations = (
				BADDB8792DF8613A00AF2918 /* Debug */,
				BADDB87A2DF8613A00AF2918 /* Release */,
			);
			defaultConfigurationIsVisible = 0;
			defaultConfigurationName = Release;
		};
		BADDB87B2DF8613A00AF2918 /* Build configuration list for PBXNativeTarget "KrakenBot" */ = {
			isa = XCConfigurationList;
			buildConfigurations = (
				BADDB87C2DF8613A00AF2918 /* Debug */,
				BADDB87D2DF8613A00AF2918 /* Release */,
			);
			defaultConfigurationIsVisible = 0;
			defaultConfigurationName = Release;
		};
		BADDB87E2DF8613A00AF2918 /* Build configuration list for PBXNativeTarget "KrakenBotTests" */ = {
			isa = XCConfigurationList;
			buildConfigurations = (
				BADDB87F2DF8613A00AF2918 /* Debug */,
				BADDB8802DF8613A00AF2918 /* Release */,
			);
			defaultConfigurationIsVisible = 0;
			defaultConfigurationName = Release;
		};
		BADDB8812DF8613A00AF2918 /* Build configuration list for PBXNativeTarget "KrakenBotUITests" */ = {
			isa = XCConfigurationList;
			buildConfigurations = (
				BADDB8822DF8613A00AF2918 /* Debug */,
				BADDB8832DF8613A00AF2918 /* Release */,
			);
			defaultConfigurationIsVisible = 0;
			defaultConfigurationName = Release;
		};
/* End XCConfigurationList section */
	};
	rootObject = BADDB84F2DF8613700AF2918 /* Project object */;
}
